
Microsoft Visual Studio Solution File, Format Version 12.00
Project("{FAE04EC0-301F-11D3-BF4B-00C04F79EFBC}") = "PEW.Chess.Engine", "PEW.Chess.Engine\PEW.Chess.Engine.csproj", "{98E4C55F-013A-4060-9BB0-26DF30E287DE}"
EndProject
Global
	GlobalSection(SolutionConfigurationPlatforms) = preSolution
		Debug|Any CPU = Debug|Any CPU
		Release|Any CPU = Release|Any CPU
	EndGlobalSection
	GlobalSection(ProjectConfigurationPlatforms) = postSolution
		{98E4C55F-013A-4060-9BB0-26DF30E287DE}.Debug|Any CPU.ActiveCfg = Debug|Any CPU
		{98E4C55F-013A-4060-9BB0-26DF30E287DE}.Debug|Any CPU.Build.0 = Debug|Any CPU
		{98E4C55F-013A-4060-9BB0-26DF30E287DE}.Release|Any CPU.ActiveCfg = Release|Any CPU
		{98E4C55F-013A-4060-9BB0-26DF30E287DE}.Release|Any CPU.Build.0 = Release|Any CPU
	EndGlobalSection
EndGlobal
